Microsoft Visual Studio Solution File, Format Version 12.00
# Visual Studio 2012
Project("{FAE04EC0-301F-11D3-BF4B-00C04F79EFBC}") = "Purototipu", "Purototipu.csproj", "{EC3FF404-F556-4557-9F34-ADF77B46D27F}"
EndProject
Global
	GlobalSection(SolutionConfigurationPlatforms) = preSolution
	Debug|Any CPU = Debug|Any CPU
	ExportDebug|Any CPU = ExportDebug|Any CPU
	ExportRelease|Any CPU = ExportRelease|Any CPU
	EndGlobalSection
	GlobalSection(ProjectConfigurationPlatforms) = postSolution
		{EC3FF404-F556-4557-9F34-ADF77B46D27F}.Debug|Any CPU.ActiveCfg = Debug|Any CPU
		{EC3FF404-F556-4557-9F34-ADF77B46D27F}.Debug|Any CPU.Build.0 = Debug|Any CPU
		{EC3FF404-F556-4557-9F34-ADF77B46D27F}.ExportDebug|Any CPU.ActiveCfg = ExportDebug|Any CPU
		{EC3FF404-F556-4557-9F34-ADF77B46D27F}.ExportDebug|Any CPU.Build.0 = ExportDebug|Any CPU
		{EC3FF404-F556-4557-9F34-ADF77B46D27F}.ExportRelease|Any CPU.ActiveCfg = ExportRelease|Any CPU
		{EC3FF404-F556-4557-9F34-ADF77B46D27F}.ExportRelease|Any CPU.Build.0 = ExportRelease|Any CPU
	EndGlobalSection
EndGlobal
